
Microsoft Visual Studio Solution File, Format Version 12.00
# Visual Studio Version 17
VisualStudioVersion = 17.2.32516.85
MinimumVisualStudioVersion = 10.0.40219.1
Project("{FAE04EC0-301F-11D3-BF4B-00C04F79EFBC}") = "Qualia", "Qualia\Qualia.csproj", "{A5F5A656-FEC6-45D7-9996-038625B128A7}"
EndProject
Global
	GlobalSection(SolutionConfigurationPlatforms) = preSolution
		Debug|Any CPU = Debug|Any CPU
		Debug|x64 = Debug|x64
		Release|Any CPU = Release|Any CPU
		Release|x64 = Release|x64
	EndGlobalSection
	GlobalSection(ProjectConfigurationPlatforms) = postSolution
		{A5F5A656-FEC6-45D7-9996-038625B128A7}.Debug|Any CPU.ActiveCfg = Debug|x64
		{A5F5A656-FEC6-45D7-9996-038625B128A7}.Debug|Any CPU.Build.0 = Debug|x64
		{A5F5A656-FEC6-45D7-9996-038625B128A7}.Debug|x64.ActiveCfg = Debug|x64
		{A5F5A656-FEC6-45D7-9996-038625B128A7}.Debug|x64.Build.0 = Debug|x64
		{A5F5A656-FEC6-45D7-9996-038625B128A7}.Release|Any CPU.ActiveCfg = Release|x64
		{A5F5A656-FEC6-45D7-9996-038625B128A7}.Release|Any CPU.Build.0 = Release|x64
		{A5F5A656-FEC6-45D7-9996-038625B128A7}.Release|x64.ActiveCfg = Release|x64
		{A5F5A656-FEC6-45D7-9996-038625B128A7}.Release|x64.Build.0 = Release|x64
	EndGlobalSection
	GlobalSection(SolutionProperties) = preSolution
		HideSolutionNode = FALSE
	EndGlobalSection
	GlobalSection(ExtensibilityGlobals) = postSolution
		SolutionGuid = {DAA07933-E0BC-492F-B084-7B8ECB1A4C58}
	EndGlobalSection
EndGlobal
